
Microsoft Visual Studio Solution File, Format Version 12.00
# Visual Studio Version 17
VisualStudioVersion = 17.4.33122.133
MinimumVisualStudioVersion = 10.0.40219.1
Project("{888888A0-9F3D-457C-B088-3A5042F75D52}") = "IanSpetnagelGMMcardataset", "IanSpetnagelGMMcardataset.pyproj", "{8B641FBF-E9B4-4069-A6C5-D0AA60D52800}"
EndProject
Global
	GlobalSection(SolutionConfigurationPlatforms) = preSolution
		Debug|Any CPU = Debug|Any CPU
		Release|Any CPU = Release|Any CPU
	EndGlobalSection
	GlobalSection(ProjectConfigurationPlatforms) = postSolution
		{8B641FBF-E9B4-4069-A6C5-D0AA60D52800}.Debug|Any CPU.ActiveCfg = Debug|Any CPU
		{8B641FBF-E9B4-4069-A6C5-D0AA60D52800}.Release|Any CPU.ActiveCfg = Release|Any CPU
	EndGlobalSection
	GlobalSection(SolutionProperties) = preSolution
		HideSolutionNode = FALSE
	EndGlobalSection
	GlobalSection(ExtensibilityGlobals) = postSolution
		SolutionGuid = {38176C1A-1952-4BD5-ADBD-41C3695CFBA4}
	EndGlobalSection
EndGlobal
